
Microsoft Visual Studio Solution File, Format Version 12.00
# Visual Studio Version 17
VisualStudioVersion = 17.9.34728.123
MinimumVisualStudioVersion = 10.0.40219.1
Project("{9A19103F-16F7-4668-BE54-9A1E7A4F7556}") = "PKOL", "PKOL.csproj", "{A4E202D8-2D8F-4DFD-B8E1-53AD4E03661A}"
EndProject
Global
	GlobalSection(SolutionConfigurationPlatforms) = preSolution
		Debug|Any CPU = Debug|Any CPU
		Release|Any CPU = Release|Any CPU
	EndGlobalSection
	GlobalSection(ProjectConfigurationPlatforms) = postSolution
		{A4E202D8-2D8F-4DFD-B8E1-53AD4E03661A}.Debug|Any CPU.ActiveCfg = Debug|Any CPU
		{A4E202D8-2D8F-4DFD-B8E1-53AD4E03661A}.Debug|Any CPU.Build.0 = Debug|Any CPU
		{A4E202D8-2D8F-4DFD-B8E1-53AD4E03661A}.Release|Any CPU.ActiveCfg = Release|Any CPU
		{A4E202D8-2D8F-4DFD-B8E1-53AD4E03661A}.Release|Any CPU.Build.0 = Release|Any CPU
	EndGlobalSection
	GlobalSection(SolutionProperties) = preSolution
		HideSolutionNode = FALSE
	EndGlobalSection
	GlobalSection(ExtensibilityGlobals) = postSolution
		SolutionGuid = {DB61BD0F-E31A-4477-B526-54190941815F}
	EndGlobalSection
EndGlobal
