
Microsoft Visual Studio Solution File, Format Version 12.00
# Visual Studio Version 17
VisualStudioVersion = 17.9.34622.214
MinimumVisualStudioVersion = 10.0.40219.1
Project("{FAE04EC0-301F-11D3-BF4B-00C04F79EFBC}") = "LAB05", "LAB05\LAB05.csproj", "{29EFC4BB-BC8B-40CE-AF3B-E13D0D06114D}"
EndProject
Global
	GlobalSection(SolutionConfigurationPlatforms) = preSolution
		Debug|Any CPU = Debug|Any CPU
		Release|Any CPU = Release|Any CPU
	EndGlobalSection
	GlobalSection(ProjectConfigurationPlatforms) = postSolution
		{29EFC4BB-BC8B-40CE-AF3B-E13D0D06114D}.Debug|Any CPU.ActiveCfg = Debug|Any CPU
		{29EFC4BB-BC8B-40CE-AF3B-E13D0D06114D}.Debug|Any CPU.Build.0 = Debug|Any CPU
		{29EFC4BB-BC8B-40CE-AF3B-E13D0D06114D}.Release|Any CPU.ActiveCfg = Release|Any CPU
		{29EFC4BB-BC8B-40CE-AF3B-E13D0D06114D}.Release|Any CPU.Build.0 = Release|Any CPU
	EndGlobalSection
	GlobalSection(SolutionProperties) = preSolution
		HideSolutionNode = FALSE
	EndGlobalSection
	GlobalSection(ExtensibilityGlobals) = postSolution
		SolutionGuid = {F7468B79-DA89-47BE-AD19-B3C1B35F954E}
	EndGlobalSection
EndGlobal
